
Microsoft Visual Studio Solution File, Format Version 12.00
# Visual Studio 14
VisualStudioVersion = 14.0.24720.0
MinimumVisualStudioVersion = 10.0.40219.1
Project("{F184B08F-C81C-45F6-A57F-5ABD9991F28F}") = "reqWmi", "reqWmi\reqWmi.vbproj", "{C7E29124-0C06-4D8B-A3C0-6A32D7DB6B08}"
EndProject
Project("{F184B08F-C81C-45F6-A57F-5ABD9991F28F}") = "MDIWindowManager", "mdiwinman-99886\MDIWindowManager\MDIWindowManager\MDIWindowManager.vbproj", "{849B740B-995A-4F40-82EE-173B1C3B1501}"
EndProject
Global
	GlobalSection(SolutionConfigurationPlatforms) = preSolution
		Debug|Any CPU = Debug|Any CPU
		Release|Any CPU = Release|Any CPU
	EndGlobalSection
	GlobalSection(ProjectConfigurationPlatforms) = postSolution
		{C7E29124-0C06-4D8B-A3C0-6A32D7DB6B08}.Debug|Any CPU.ActiveCfg = Debug|Any CPU
		{C7E29124-0C06-4D8B-A3C0-6A32D7DB6B08}.Debug|Any CPU.Build.0 = Debug|Any CPU
		{C7E29124-0C06-4D8B-A3C0-6A32D7DB6B08}.Release|Any CPU.ActiveCfg = Release|Any CPU
		{C7E29124-0C06-4D8B-A3C0-6A32D7DB6B08}.Release|Any CPU.Build.0 = Release|Any CPU
		{849B740B-995A-4F40-82EE-173B1C3B1501}.Debug|Any CPU.ActiveCfg = Debug|Any CPU
		{849B740B-995A-4F40-82EE-173B1C3B1501}.Debug|Any CPU.Build.0 = Debug|Any CPU
		{849B740B-995A-4F40-82EE-173B1C3B1501}.Release|Any CPU.ActiveCfg = Release|Any CPU
		{849B740B-995A-4F40-82EE-173B1C3B1501}.Release|Any CPU.Build.0 = Release|Any CPU
	EndGlobalSection
	GlobalSection(SolutionProperties) = preSolution
		HideSolutionNode = FALSE
	EndGlobalSection
	GlobalSection(PowerDesigner) = preSolution
		HasSWS = 1
	EndGlobalSection
EndGlobal
